<?xml version="1.0" encoding="utf-8"?>
<Project ToolsVersion="4.0" xmlns="http://schemas.microsoft.com/developer/msbuild/2003">
  <ItemGroup>
    <Filter Include="Source Files">
      <UniqueIdentifier>{4FC737F1-C7A5-4376-A066-2A32D752A2FF}</UniqueIdentifier>
      <Extensions>cpp;c;cc;cxx;def;odl;idl;hpj;bat;asm;asmx</Extensions>
    </Filter>
    <Filter Include="Header Files">
      <UniqueIdentifier>{93995380-89BD-4b04-88EB-625FBE52EBFB}</UniqueIdentifier>
      <Extensions>h;hh;hpp;hxx;hm;inl;inc;ipp;xsd</Extensions>
    </Filter>
    <Filter Include="Resource Files">
      <UniqueIdentifier>{67DA6AB6-F800-4c08-8B7A-83BB121AAD01}</UniqueIdentifier>
      <Extensions>rc;ico;cur;bmp;dlg;rc2;rct;bin;rgs;gif;jpg;jpeg;jpe;resx;tiff;tif;png;wav;mfcribbon-ms</Extensions>
    </Filter>
  </ItemGroup>
  <ItemGroup>
    <ClInclude Include="Goods-Database-MFC.h">
      <Filter>Header Files</Filter>
    </ClInclude>
    <ClInclude Include="framework.h">
      <Filter>Header Files</Filter>
    </ClInclude>
    <ClInclude Include="targetver.h">
      <Filter>Header Files</Filter>
    </ClInclude>
    <ClInclude Include="MainFrm.h">
      <Filter>Header Files</Filter>
    </ClInclude>
    <ClInclude Include="ChildFrm.h">
      <Filter>Header Files</Filter>
    </ClInclude>
    <ClInclude Include="GoodsDbDoc.h">
      <Filter>Header Files</Filter>
    </ClInclude>
    <ClInclude Include="GoodsDBView.h">
      <Filter>Header Files</Filter>
    </ClInclude>
    <ClInclude Include="Resource.h">
      <Filter>Header Files</Filter>
    </ClInclude>
    <ClInclude Include="PropertiesWnd.h">
      <Filter>Header Files</Filter>
    </ClInclude>
    <ClInclude Include="pch.h">
      <Filter>Header Files</Filter>
    </ClInclude>
    <ClInclude Include="tabViewCtrlView.h">
      <Filter>Header Files</Filter>
    </ClInclude>
    <ClInclude Include="usersView.h">
      <Filter>Header Files</Filter>
    </ClInclude>
    <ClInclude Include="productsView.h">
      <Filter>Header Files</Filter>
    </ClInclude>
    <ClInclude Include="ordersView.h">
      <Filter>Header Files</Filter>
    </ClInclude>
    <ClInclude Include="newOrderView.h">
      <Filter>Header Files</Filter>
    </ClInclude>
    <ClInclude Include="setMember.h">
      <Filter>Header Files</Filter>
    </ClInclude>
    <ClInclude Include="small_set.h">
      <Filter>Header Files</Filter>
    </ClInclude>
    <ClInclude Include="address.h">
      <Filter>Header Files</Filter>
    </ClInclude>
    <ClInclude Include="person.h">
      <Filter>Header Files</Filter>
    </ClInclude>
    <ClInclude Include="product.h">
      <Filter>Header Files</Filter>
    </ClInclude>
    <ClInclude Include="detail.h">
      <Filter>Header Files</Filter>
    </ClInclude>
    <ClInclude Include="order.h">
      <Filter>Header Files</Filter>
    </ClInclude>
    <ClInclude Include="rootObject.h">
      <Filter>Header Files</Filter>
    </ClInclude>
    <ClInclude Include="ordersDB.h">
      <Filter>Header Files</Filter>
    </ClInclude>
    <ClInclude Include="database-guard.h">
      <Filter>Header Files</Filter>
    </ClInclude>
    <ClInclude Include="dbManager.h">
      <Filter>Header Files</Filter>
    </ClInclude>
  </ItemGroup>
  <ItemGroup>
    <ClCompile Include="Goods-Database-MFC.cpp">
      <Filter>Source Files</Filter>
    </ClCompile>
    <ClCompile Include="MainFrm.cpp">
      <Filter>Source Files</Filter>
    </ClCompile>
    <ClCompile Include="ChildFrm.cpp">
      <Filter>Source Files</Filter>
    </ClCompile>
    <ClCompile Include="GoodsDbDoc.cpp">
      <Filter>Source Files</Filter>
    </ClCompile>
    <ClCompile Include="GoodsDBView.cpp">
      <Filter>Source Files</Filter>
    </ClCompile>
    <ClCompile Include="PropertiesWnd.cpp">
      <Filter>Source Files</Filter>
    </ClCompile>
    <ClCompile Include="pch.cpp">
      <Filter>Source Files</Filter>
    </ClCompile>
    <ClCompile Include="tabViewCtrlView.cpp">
      <Filter>Source Files</Filter>
    </ClCompile>
    <ClCompile Include="usersView.cpp">
      <Filter>Source Files</Filter>
    </ClCompile>
    <ClCompile Include="productsView.cpp">
      <Filter>Source Files</Filter>
    </ClCompile>
    <ClCompile Include="ordersView.cpp">
      <Filter>Source Files</Filter>
    </ClCompile>
    <ClCompile Include="newOrderView.cpp">
      <Filter>Source Files</Filter>
    </ClCompile>
    <ClCompile Include="setMember.cpp">
      <Filter>Source Files</Filter>
    </ClCompile>
    <ClCompile Include="small_set.cpp">
      <Filter>Source Files</Filter>
    </ClCompile>
    <ClCompile Include="address.cpp">
      <Filter>Source Files</Filter>
    </ClCompile>
    <ClCompile Include="person.cpp">
      <Filter>Source Files</Filter>
    </ClCompile>
    <ClCompile Include="product.cpp">
      <Filter>Source Files</Filter>
    </ClCompile>
    <ClCompile Include="detail.cpp">
      <Filter>Source Files</Filter>
    </ClCompile>
    <ClCompile Include="order.cpp">
      <Filter>Source Files</Filter>
    </ClCompile>
    <ClCompile Include="rootObject.cpp">
      <Filter>Source Files</Filter>
    </ClCompile>
    <ClCompile Include="ordersDB.cpp">
      <Filter>Source Files</Filter>
    </ClCompile>
    <ClCompile Include="database-guard.cpp">
      <Filter>Source Files</Filter>
    </ClCompile>
    <ClCompile Include="dbManager.cpp">
      <Filter>Source Files</Filter>
    </ClCompile>
  </ItemGroup>
  <ItemGroup>
    <None Include="Goods-Database-MFC.reg" />
    <None Include="res\GoodsDatabaseMFC.rc2">
      <Filter>Resource Files</Filter>
    </None>
    <None Include="res\idr_menu.bin">
      <Filter>Resource Files</Filter>
    </None>
  </ItemGroup>
  <ItemGroup>
    <ResourceCompile Include="GoodsDatabaseMFC.rc">
      <Filter>Resource Files</Filter>
    </ResourceCompile>
  </ItemGroup>
  <ItemGroup>
    <Image Include="res\properties_wnd.ico">
      <Filter>Resource Files</Filter>
    </Image>
    <Image Include="res\properties_wnd_hc.ico">
      <Filter>Resource Files</Filter>
    </Image>
    <Image Include="res\properties.bmp">
      <Filter>Resource Files</Filter>
    </Image>
    <Image Include="res\properties_hc.bmp">
      <Filter>Resource Files</Filter>
    </Image>
    <Image Include="res\userimages.bmp">
      <Filter>Resource Files</Filter>
    </Image>
    <Image Include="res\Goods-Database-MFCDoc.ico">
      <Filter>Resource Files</Filter>
    </Image>
    <Image Include="res\Goods-Database-MFC.ico">
      <Filter>Resource Files</Filter>
    </Image>
    <Image Include="res\Toolbar.bmp">
      <Filter>Resource Files</Filter>
    </Image>
    <Image Include="res\Toolbar256.bmp">
      <Filter>Resource Files</Filter>
    </Image>
  </ItemGroup>
</Project>